
Microsoft Visual Studio Solution File, Format Version 12.00
# Visual Studio Version 16
VisualStudioVersion = 16.0.32002.261
MinimumVisualStudioVersion = 10.0.40219.1
Project("{FAE04EC0-301F-11D3-BF4B-00C04F79EFBC}") = "CursoMVC", "CursoMVC.csproj", "{B60937F0-3CE3-4143-BE85-DEF15B480D7F}"
EndProject
Global
	GlobalSection(SolutionConfigurationPlatforms) = preSolution
		Debug|Any CPU = Debug|Any CPU
		Release|Any CPU = Release|Any CPU
	EndGlobalSection
	GlobalSection(ProjectConfigurationPlatforms) = postSolution
		{B60937F0-3CE3-4143-BE85-DEF15B480D7F}.Debug|Any CPU.ActiveCfg = Debug|Any CPU
		{B60937F0-3CE3-4143-BE85-DEF15B480D7F}.Debug|Any CPU.Build.0 = Debug|Any CPU
		{B60937F0-3CE3-4143-BE85-DEF15B480D7F}.Release|Any CPU.ActiveCfg = Release|Any CPU
		{B60937F0-3CE3-4143-BE85-DEF15B480D7F}.Release|Any CPU.Build.0 = Release|Any CPU
	EndGlobalSection
	GlobalSection(SolutionProperties) = preSolution
		HideSolutionNode = FALSE
	EndGlobalSection
	GlobalSection(ExtensibilityGlobals) = postSolution
		SolutionGuid = {529B319A-7B59-4F27-A3C9-331FA1F61184}
	EndGlobalSection
EndGlobal
